
Microsoft Visual Studio Solution File, Format Version 12.00
# Visual Studio 15
VisualStudioVersion = 15.0.28307.1758
MinimumVisualStudioVersion = 10.0.40219.1
Project("{8BC9CEB8-8B4A-11D0-8D11-00A0C91BC942}") = "Atestat X si O", "Atestat X si O\Atestat X si O.vcxproj", "{2233DC9F-29F5-4C2B-9FF7-06B0276F7C82}"
EndProject
Global
	GlobalSection(SolutionConfigurationPlatforms) = preSolution
		Debug|x64 = Debug|x64
		Debug|x86 = Debug|x86
		Release|x64 = Release|x64
		Release|x86 = Release|x86
	EndGlobalSection
	GlobalSection(ProjectConfigurationPlatforms) = postSolution
		{2233DC9F-29F5-4C2B-9FF7-06B0276F7C82}.Debug|x64.ActiveCfg = Debug|x64
		{2233DC9F-29F5-4C2B-9FF7-06B0276F7C82}.Debug|x64.Build.0 = Debug|x64
		{2233DC9F-29F5-4C2B-9FF7-06B0276F7C82}.Debug|x86.ActiveCfg = Debug|Win32
		{2233DC9F-29F5-4C2B-9FF7-06B0276F7C82}.Debug|x86.Build.0 = Debug|Win32
		{2233DC9F-29F5-4C2B-9FF7-06B0276F7C82}.Release|x64.ActiveCfg = Release|x64
		{2233DC9F-29F5-4C2B-9FF7-06B0276F7C82}.Release|x64.Build.0 = Release|x64
		{2233DC9F-29F5-4C2B-9FF7-06B0276F7C82}.Release|x86.ActiveCfg = Release|Win32
		{2233DC9F-29F5-4C2B-9FF7-06B0276F7C82}.Release|x86.Build.0 = Release|Win32
	EndGlobalSection
	GlobalSection(SolutionProperties) = preSolution
		HideSolutionNode = FALSE
	EndGlobalSection
	GlobalSection(ExtensibilityGlobals) = postSolution
		SolutionGuid = {455E070E-AD38-4215-88CC-D0BD83D26380}
	EndGlobalSection
EndGlobal
